// !$*UTF8*$!
{
	archiveVersion = 1;
	classes = {
	};
	objectVersion = 56;
	objects = {

/* Begin PBXBuildFile section */
		5843A5A529D5146A008D797D /* AppDelegate.swift in Sources */ = {isa = PBXBuildFile; fileRef = 5843A5A429D5146A008D797D /* AppDelegate.swift */; };
		5843A5A729D5146A008D797D /* SceneDelegate.swift in Sources */ = {isa = PBXBuildFile; fileRef = 5843A5A629D5146A008D797D /* SceneDelegate.swift */; };
		5843A5A929D5146A008D797D /* ViewController.swift in Sources */ = {isa = PBXBuildFile; fileRef = 5843A5A829D5146A008D797D /* ViewController.swift */; };
		5843A5AC29D5146A008D797D /* Main.storyboard in Resources */ = {isa = PBXBuildFile; fileRef = 5843A5AA29D5146A008D797D /* Main.storyboard */; };
		5843A5AE29D5146B008D797D /* Assets.xcassets in Resources */ = {isa = PBXBuildFile; fileRef = 5843A5AD29D5146B008D797D /* Assets.xcassets */; };
		5843A5B129D5146B008D797D /* LaunchScreen.storyboard in Resources */ = {isa = PBXBuildFile; fileRef = 5843A5AF29D5146B008D797D /* LaunchScreen.storyboard */; };
		5843A5BC29D5146B008D797D /* CrashAssistTests.swift in Sources */ = {isa = PBXBuildFile; fileRef = 5843A5BB29D5146B008D797D /* CrashAssistTests.swift */; };
		5843A5C629D5146B008D797D /* CrashAssistUITests.swift in Sources */ = {isa = PBXBuildFile; fileRef = 5843A5C529D5146B008D797D /* CrashAssistUITests.swift */; };
		5843A5C829D5146B008D797D /* CrashAssistUITestsLaunchTests.swift in Sources */ = {isa = PBXBuildFile; fileRef = 5843A5C729D5146B008D797D /* CrashAssistUITestsLaunchTests.swift */; };
/* End PBXBuildFile section */

/* Begin PBXContainerItemProxy section */
		5843A5B829D5146B008D797D /* PBXContainerItemProxy */ = {
			isa = PBXContainerItemProxy;
			containerPortal = 5843A59929D5146A008D797D /* Project object */;
			proxyType = 1;
			remoteGlobalIDString = 5843A5A029D5146A008D797D;
			remoteInfo = CrashAssist;
		};
		5843A5C229D5146B008D797D /* PBXContainerItemProxy */ = {
			isa = PBXContainerItemProxy;
			containerPortal = 5843A59929D5146A008D797D /* Project object */;
			proxyType = 1;
			remoteGlobalIDString = 5843A5A029D5146A008D797D;
			remoteInfo = CrashAssist;
		};
/* End PBXContainerItemProxy section */

/* Begin PBXFileReference section */
		5843A5A129D5146A008D797D /* CrashAssist.app */ = {isa = PBXFileReference; explicitFileType = wrapper.application; includeInIndex = 0; path = CrashAssist.app; sourceTree = BUILT_PRODUCTS_DIR; };
		5843A5A429D5146A008D797D /* AppDelegate.swift */ = {isa = PBXFileReference; lastKnownFileType = sourcecode.swift; path = AppDelegate.swift; sourceTree = "<group>"; };
		5843A5A629D5146A008D797D /* SceneDelegate.swift */ = {isa = PBXFileReference; lastKnownFileType = sourcecode.swift; path = SceneDelegate.swift; sourceTree = "<group>"; };
		5843A5A829D5146A008D797D /* ViewController.swift */ = {isa = PBXFileReference; lastKnownFileType = sourcecode.swift; path = ViewController.swift; sourceTree = "<group>"; };
		5843A5AB29D5146A008D797D /* Base */ = {isa = PBXFileReference; lastKnownFileType = file.storyboard; name = Base; path = Base.lproj/Main.storyboard; sourceTree = "<group>"; };
		5843A5AD29D5146B008D797D /* Assets.xcassets */ = {isa = PBXFileReference; lastKnownFileType = folder.assetcatalog; path = Assets.xcassets; sourceTree = "<group>"; };
		5843A5B029D5146B008D797D /* Base */ = {isa = PBXFileReference; lastKnownFileType = file.storyboard; name = Base; path = Base.lproj/LaunchScreen.storyboard; sourceTree = "<group>"; };
		5843A5B229D5146B008D797D /* Info.plist */ = {isa = PBXFileReference; lastKnownFileType = text.plist.xml; path = Info.plist; sourceTree = "<group>"; };
		5843A5B729D5146B008D797D /* CrashAssistTests.xctest */ = {isa = PBXFileReference; explicitFileType = wrapper.cfbundle; includeInIndex = 0; path = CrashAssistTests.xctest; sourceTree = BUILT_PRODUCTS_DIR; };
		5843A5BB29D5146B008D797D /* CrashAssistTests.swift */ = {isa = PBXFileReference; lastKnownFileType = sourcecode.swift; path = CrashAssistTests.swift; sourceTree = "<group>"; };
		5843A5C129D5146B008D797D /* CrashAssistUITests.xctest */ = {isa = PBXFileReference; explicitFileType = wrapper.cfbundle; includeInIndex = 0; path = CrashAssistUITests.xctest; sourceTree = BUILT_PRODUCTS_DIR; };
		5843A5C529D5146B008D797D /* CrashAssistUITests.swift */ = {isa = PBXFileReference; lastKnownFileType = sourcecode.swift; path = CrashAssistUITests.swift; sourceTree = "<group>"; };
		5843A5C729D5146B008D797D /* CrashAssistUITestsLaunchTests.swift */ = {isa = PBXFileReference; lastKnownFileType = sourcecode.swift; path = CrashAssistUITestsLaunchTests.swift; sourceTree = "<group>"; };
/* End PBXFileReference section */

/* Begin PBXFrameworksBuildPhase section */
		5843A59E29D5146A008D797D /* Frameworks */ = {
			isa = PBXFrameworksBuildPhase;
			buildActionMask = 2147483647;
			files = (
			);
			runOnlyForDeploymentPostprocessing = 0;
		};
		5843A5B429D5146B008D797D /* Frameworks */ = {
			isa = PBXFrameworksBuildPhase;
			buildActionMask = 2147483647;
			files = (
			);
			runOnlyForDeploymentPostprocessing = 0;
		};
		5843A5BE29D5146B008D797D /* Frameworks */ = {
			isa = PBXFrameworksBuildPhase;
			buildActionMask = 2147483647;
			files = (
			);
			runOnlyForDeploymentPostprocessing = 0;
		};
/* End PBXFrameworksBuildPhase section */

/* Begin PBXGroup section */
		5843A59829D5146A008D797D = {
			isa = PBXGroup;
			children = (
				5843A5A329D5146A008D797D /* CrashAssist */,
				5843A5BA29D5146B008D797D /* CrashAssistTests */,
				5843A5C429D5146B008D797D /* CrashAssistUITests */,
				5843A5A229D5146A008D797D /* Products */,
			);
			sourceTree = "<group>";
		};
		5843A5A229D5146A008D797D /* Products */ = {
			isa = PBXGroup;
			children = (
				5843A5A129D5146A008D797D /* CrashAssist.app */,
				5843A5B729D5146B008D797D /* CrashAssistTests.xctest */,
				5843A5C129D5146B008D797D /* CrashAssistUITests.xctest */,
			);
			name = Products;
			sourceTree = "<group>";
		};
		5843A5A329D5146A008D797D /* CrashAssist */ = {
			isa = PBXGroup;
			children = (
				5843A5A429D5146A008D797D /* AppDelegate.swift */,
				5843A5A629D5146A008D797D /* SceneDelegate.swift */,
				5843A5A829D5146A008D797D /* ViewController.swift */,
				5843A5AA29D5146A008D797D /* Main.storyboard */,
				5843A5AD29D5146B008D797D /* Assets.xcassets */,
				5843A5AF29D5146B008D797D /* LaunchScreen.storyboard */,
				5843A5B229D5146B008D797D /* Info.plist */,
			);
			path = CrashAssist;
			sourceTree = "<group>";
		};
		5843A5BA29D5146B008D797D /* CrashAssistTests */ = {
			isa = PBXGroup;
			children = (
				5843A5BB29D5146B008D797D /* CrashAssistTests.swift */,
			);
			path = CrashAssistTests;
			sourceTree = "<group>";
		};
		5843A5C429D5146B008D797D /* CrashAssistUITests */ = {
			isa = PBXGroup;
			children = (
				5843A5C529D5146B008D797D /* CrashAssistUITests.swift */,
				5843A5C729D5146B008D797D /* CrashAssistUITestsLaunchTests.swift */,
			);
			path = CrashAssistUITests;
			sourceTree = "<group>";
		};
/* End PBXGroup section */

/* Begin PBXNativeTarget section */
		5843A5A029D5146A008D797D /* CrashAssist */ = {
			isa = PBXNativeTarget;
			buildConfigurationList = 5843A5CB29D5146B008D797D /* Build configuration list for PBXNativeTarget "CrashAssist" */;
			buildPhases = (
				5843A59D29D5146A008D797D /* Sources */,
				5843A59E29D5146A008D797D /* Frameworks */,
				5843A59F29D5146A008D797D /* Resources */,
			);
			buildRules = (
			);
			dependencies = (
			);
			name = CrashAssist;
			productName = CrashAssist;
			productReference = 5843A5A129D5146A008D797D /* CrashAssist.app */;
			productType = "com.apple.product-type.application";
		};
		5843A5B629D5146B008D797D /* CrashAssistTests */ = {
			isa = PBXNativeTarget;
			buildConfigurationList = 5843A5CE29D5146B008D797D /* Build configuration list for PBXNativeTarget "CrashAssistTests" */;
			buildPhases = (
				5843A5B329D5146B008D797D /* Sources */,
				5843A5B429D5146B008D797D /* Frameworks */,
				5843A5B529D5146B008D797D /* Resources */,
			);
			buildRules = (
			);
			dependencies = (
				5843A5B929D5146B008D797D /* PBXTargetDependency */,
			);
			name = CrashAssistTests;
			productName = CrashAssistTests;
			productReference = 5843A5B729D5146B008D797D /* CrashAssistTests.xctest */;
			productType = "com.apple.product-type.bundle.unit-test";
		};
		5843A5C029D5146B008D797D /* CrashAssistUITests */ = {
			isa = PBXNativeTarget;
			buildConfigurationList = 5843A5D129D5146B008D797D /* Build configuration list for PBXNativeTarget "CrashAssistUITests" */;
			buildPhases = (
				5843A5BD29D5146B008D797D /* Sources */,
				5843A5BE29D5146B008D797D /* Frameworks */,
				5843A5BF29D5146B008D797D /* Resources */,
			);
			buildRules = (
			);
			dependencies = (
				5843A5C329D5146B008D797D /* PBXTargetDependency */,
			);
			name = CrashAssistUITests;
			productName = CrashAssistUITests;
			productReference = 5843A5C129D5146B008D797D /* CrashAssistUITests.xctest */;
			productType = "com.apple.product-type.bundle.ui-testing";
		};
/* End PBXNativeTarget section */

/* Begin PBXProject section */
		5843A59929D5146A008D797D /* Project object */ = {
			isa = PBXProject;
			attributes = {
				BuildIndependentTargetsInParallel = 1;
				LastSwiftUpdateCheck = 1420;
				LastUpgradeCheck = 1420;
				TargetAttributes = {
					5843A5A029D5146A008D797D = {
						CreatedOnToolsVersion = 14.2;
					};
					5843A5B629D5146B008D797D = {
						CreatedOnToolsVersion = 14.2;
						TestTargetID = 5843A5A029D5146A008D797D;
					};
					5843A5C029D5146B008D797D = {
						CreatedOnToolsVersion = 14.2;
						TestTargetID = 5843A5A029D5146A008D797D;
					};
				};
			};
			buildConfigurationList = 5843A59C29D5146A008D797D /* Build configuration list for PBXProject "CrashAssist" */;
			compatibilityVersion = "Xcode 14.0";
			developmentRegion = en;
			hasScannedForEncodings = 0;
			knownRegions = (
				en,
				Base,
			);
			mainGroup = 5843A59829D5146A008D797D;
			productRefGroup = 5843A5A229D5146A008D797D /* Products */;
			projectDirPath = "";
			projectRoot = "";
			targets = (
				5843A5A029D5146A008D797D /* CrashAssist */,
				5843A5B629D5146B008D797D /* CrashAssistTests */,
				5843A5C029D5146B008D797D /* CrashAssistUITests */,
			);
		};
/* End PBXProject section */

/* Begin PBXResourcesBuildPhase section */
		5843A59F29D5146A008D797D /* Resources */ = {
			isa = PBXResourcesBuildPhase;
			buildActionMask = 2147483647;
			files = (
				5843A5B129D5146B008D797D /* LaunchScreen.storyboard in Resources */,
				5843A5AE29D5146B008D797D /* Assets.xcassets in Resources */,
				5843A5AC29D5146A008D797D /* Main.storyboard in Resources */,
			);
			runOnlyForDeploymentPostprocessing = 0;
		};
		5843A5B529D5146B008D797D /* Resources */ = {
			isa = PBXResourcesBuildPhase;
			buildActionMask = 2147483647;
			files = (
			);
			runOnlyForDeploymentPostprocessing = 0;
		};
		5843A5BF29D5146B008D797D /* Resources */ = {
			isa = PBXResourcesBuildPhase;
			buildActionMask = 2147483647;
			files = (
			);
			runOnlyForDeploymentPostprocessing = 0;
		};
/* End PBXResourcesBuildPhase section */

/* Begin PBXSourcesBuildPhase section */
		5843A59D29D5146A008D797D /* Sources */ = {
			isa = PBXSourcesBuildPhase;
			buildActionMask = 2147483647;
			files = (
				5843A5A929D5146A008D797D /* ViewController.swift in Sources */,
				5843A5A529D5146A008D797D /* AppDelegate.swift in Sources */,
				5843A5A729D5146A008D797D /* SceneDelegate.swift in Sources */,
			);
			runOnlyForDeploymentPostprocessing = 0;
		};
		5843A5B329D5146B008D797D /* Sources */ = {
			isa = PBXSourcesBuildPhase;
			buildActionMask = 2147483647;
			files = (
				5843A5BC29D5146B008D797D /* CrashAssistTests.swift in Sources */,
			);
			runOnlyForDeploymentPostprocessing = 0;
		};
		5843A5BD29D5146B008D797D /* Sources */ = {
			isa = PBXSourcesBuildPhase;
			buildActionMask = 2147483647;
			files = (
				5843A5C629D5146B008D797D /* CrashAssistUITests.swift in Sources */,
				5843A5C829D5146B008D797D /* CrashAssistUITestsLaunchTests.swift in Sources */,
			);
			runOnlyForDeploymentPostprocessing = 0;
		};
/* End PBXSourcesBuildPhase section */

/* Begin PBXTargetDependency section */
		5843A5B929D5146B008D797D /* PBXTargetDependency */ = {
			isa = PBXTargetDependency;
			target = 5843A5A029D5146A008D797D /* CrashAssist */;
			targetProxy = 5843A5B829D5146B008D797D /* PBXContainerItemProxy */;
		};
		5843A5C329D5146B008D797D /* PBXTargetDependency */ = {
			isa = PBXTargetDependency;
			target = 5843A5A029D5146A008D797D /* CrashAssist */;
			targetProxy = 5843A5C229D5146B008D797D /* PBXContainerItemProxy */;
		};
/* End PBXTargetDependency section */

/* Begin PBXVariantGroup section */
		5843A5AA29D5146A008D797D /* Main.storyboard */ = {
			isa = PBXVariantGroup;
			children = (
				5843A5AB29D5146A008D797D /* Base */,
			);
			name = Main.storyboard;
			sourceTree = "<group>";
		};
		5843A5AF29D5146B008D797D /* LaunchScreen.storyboard */ = {
			isa = PBXVariantGroup;
			children = (
				5843A5B029D5146B008D797D /* Base */,
			);
			name = LaunchScreen.storyboard;
			sourceTree = "<group>";
		};
/* End PBXVariantGroup section */

/* Begin XCBuildConfiguration section */
		5843A5C929D5146B008D797D /* Debug */ = {
			isa = XCBuildConfiguration;
			buildSettings = {
				ALWAYS_SEARCH_USER_PATHS = NO;
				CLANG_ANALYZER_NONNULL = YES;
				CLANG_ANALYZER_NUMBER_OBJECT_CONVERSION = YES_AGGRESSIVE;
				CLANG_CXX_LANGUAGE_STANDARD = "gnu++20";
				CLANG_ENABLE_MODULES = YES;
				CLANG_ENABLE_OBJC_ARC = YES;
				CLANG_ENABLE_OBJC_WEAK = YES;
				CLANG_WARN_BLOCK_CAPTURE_AUTORELEASING = YES;
				CLANG_WARN_BOOL_CONVERSION = YES;
				CLANG_WARN_COMMA = YES;
				CLANG_WARN_CONSTANT_CONVERSION = YES;
				CLANG_WARN_DEPRECATED_OBJC_IMPLEMENTATIONS = YES;
				CLANG_WARN_DIRECT_OBJC_ISA_USAGE = YES_ERROR;
				CLANG_WARN_DOCUMENTATION_COMMENTS = YES;
				CLANG_WARN_EMPTY_BODY = YES;
				CLANG_WARN_ENUM_CONVERSION = YES;
				CLANG_WARN_INFINITE_RECURSION = YES;
				CLANG_WARN_INT_CONVERSION = YES;
				CLANG_WARN_NON_LITERAL_NULL_CONVERSION = YES;
				CLANG_WARN_OBJC_IMPLICIT_RETAIN_SELF = YES;
				CLANG_WARN_OBJC_LITERAL_CONVERSION = YES;
				CLANG_WARN_OBJC_ROOT_CLASS = YES_ERROR;
				CLANG_WARN_QUOTED_INCLUDE_IN_FRAMEWORK_HEADER = YES;
				CLANG_WARN_RANGE_LOOP_ANALYSIS = YES;
				CLANG_WARN_STRICT_PROTOTYPES = YES;
				CLANG_WARN_SUSPICIOUS_MOVE = YES;
				CLANG_WARN_UNGUARDED_AVAILABILITY = YES_AGGRESSIVE;
				CLANG_WARN_UNREACHABLE_CODE = YES;
				CLANG_WARN__DUPLICATE_METHOD_MATCH = YES;
				COPY_PHASE_STRIP = NO;
				DEBUG_INFORMATION_FORMAT = dwarf;
				ENABLE_STRICT_OBJC_MSGSEND = YES;
				ENABLE_TESTABILITY = YES;
				GCC_C_LANGUAGE_STANDARD = gnu11;
				GCC_DYNAMIC_NO_PIC = NO;
				GCC_NO_COMMON_BLOCKS = YES;
				GCC_OPTIMIZATION_LEVEL = 0;
				GCC_PREPROCESSOR_DEFINITIONS = (
					"DEBUG=1",
					"$(inherited)",
				);
				GCC_WARN_64_TO_32_BIT_CONVERSION = YES;
				GCC_WARN_ABOUT_RETURN_TYPE = YES_ERROR;
				GCC_WARN_UNDECLARED_SELECTOR = YES;
				GCC_WARN_UNINITIALIZED_AUTOS = YES_AGGRESSIVE;
				GCC_WARN_UNUSED_FUNCTION = YES;
				GCC_WARN_UNUSED_VARIABLE = YES;
				IPHONEOS_DEPLOYMENT_TARGET = 16.2;
				MTL_ENABLE_DEBUG_INFO = INCLUDE_SOURCE;
				MTL_FAST_MATH = YES;
				ONLY_ACTIVE_ARCH = YES;
				SDKROOT = iphoneos;
				SWIFT_ACTIVE_COMPILATION_CONDITIONS = DEBUG;
				SWIFT_OPTIMIZATION_LEVEL = "-Onone";
			};
			name = Debug;
		};
		5843A5CA29D5146B008D797D /* Release */ = {
			isa = XCBuildConfiguration;
			buildSettings = {
				ALWAYS_SEARCH_USER_PATHS = NO;
				CLANG_ANALYZER_NONNULL = YES;
				CLANG_ANALYZER_NUMBER_OBJECT_CONVERSION = YES_AGGRESSIVE;
				CLANG_CXX_LANGUAGE_STANDARD = "gnu++20";
				CLANG_ENABLE_MODULES = YES;
				CLANG_ENABLE_OBJC_ARC = YES;
				CLANG_ENABLE_OBJC_WEAK = YES;
				CLANG_WARN_BLOCK_CAPTURE_AUTORELEASING = YES;
				CLANG_WARN_BOOL_CONVERSION = YES;
				CLANG_WARN_COMMA = YES;
				CLANG_WARN_CONSTANT_CONVERSION = YES;
				CLANG_WARN_DEPRECATED_OBJC_IMPLEMENTATIONS = YES;
				CLANG_WARN_DIRECT_OBJC_ISA_USAGE = YES_ERROR;
				CLANG_WARN_DOCUMENTATION_COMMENTS = YES;
				CLANG_WARN_EMPTY_BODY = YES;
				CLANG_WARN_ENUM_CONVERSION = YES;
				CLANG_WARN_INFINITE_RECURSION = YES;
				CLANG_WARN_INT_CONVERSION = YES;
				CLANG_WARN_NON_LITERAL_NULL_CONVERSION = YES;
				CLANG_WARN_OBJC_IMPLICIT_RETAIN_SELF = YES;
				CLANG_WARN_OBJC_LITERAL_CONVERSION = YES;
				CLANG_WARN_OBJC_ROOT_CLASS = YES_ERROR;
				CLANG_WARN_QUOTED_INCLUDE_IN_FRAMEWORK_HEADER = YES;
				CLANG_WARN_RANGE_LOOP_ANALYSIS = YES;
				CLANG_WARN_STRICT_PROTOTYPES = YES;
				CLANG_WARN_SUSPICIOUS_MOVE = YES;
				CLANG_WARN_UNGUARDED_AVAILABILITY = YES_AGGRESSIVE;
				CLANG_WARN_UNREACHABLE_CODE = YES;
				CLANG_WARN__DUPLICATE_METHOD_MATCH = YES;
				COPY_PHASE_STRIP = NO;
				DEBUG_INFORMATION_FORMAT = "dwarf-with-dsym";
				ENABLE_NS_ASSERTIONS = NO;
				ENABLE_STRICT_OBJC_MSGSEND = YES;
				GCC_C_LANGUAGE_STANDARD = gnu11;
				GCC_NO_COMMON_BLOCKS = YES;
				GCC_WARN_64_TO_32_BIT_CONVERSION = YES;
				GCC_WARN_ABOUT_RETURN_TYPE = YES_ERROR;
				GCC_WARN_UNDECLARED_SELECTOR = YES;
				GCC_WARN_UNINITIALIZED_AUTOS = YES_AGGRESSIVE;
				GCC_WARN_UNUSED_FUNCTION = YES;
				GCC_WARN_UNUSED_VARIABLE = YES;
				IPHONEOS_DEPLOYMENT_TARGET = 16.2;
				MTL_ENABLE_DEBUG_INFO = NO;
				MTL_FAST_MATH = YES;
				SDKROOT = iphoneos;
				SWIFT_COMPILATION_MODE = wholemodule;
				SWIFT_OPTIMIZATION_LEVEL = "-O";
				VALIDATE_PRODUCT = YES;
			};
			name = Release;
		};
		5843A5CC29D5146B008D797D /* Debug */ = {
			isa = XCBuildConfiguration;
			buildSettings = {
				ASSETCATALOG_COMPILER_APPICON_NAME = AppIcon;
				ASSETCATALOG_COMPILER_GLOBAL_ACCENT_COLOR_NAME = AccentColor;
				CODE_SIGN_STYLE = Automatic;
				CURRENT_PROJECT_VERSION = 1;
				DEVELOPMENT_TEAM = RF37X3S82D;
				GENERATE_INFOPLIST_FILE = YES;
				INFOPLIST_FILE = CrashAssist/Info.plist;
				INFOPLIST_KEY_UIApplicationSupportsIndirectInputEvents = YES;
				INFOPLIST_KEY_UILaunchStoryboardName = LaunchScreen;
				INFOPLIST_KEY_UIMainStoryboardFile = Main;
				INFOPLIST_KEY_UISupportedInterfaceOrientations_iPad = "UIInterfaceOrientationPortrait UIInterfaceOrientationPortraitUpsideDown UIInterfaceOrientationLandscapeLeft UIInterfaceOrientationLandscapeRight";
				INFOPLIST_KEY_UISupportedInterfaceOrientations_iPhone = "UIInterfaceOrientationPortrait UIInterfaceOrientationLandscapeLeft UIInterfaceOrientationLandscapeRight";
				LD_RUNPATH_SEARCH_PATHS = (
					"$(inherited)",
					"@executable_path/Frameworks",
				);
				MARKETING_VERSION = 1.0;
				PRODUCT_BUNDLE_IDENTIFIER = nsadeghi.itp342.CrashAssist;
				PRODUCT_NAME = "$(TARGET_NAME)";
				SWIFT_EMIT_LOC_STRINGS = YES;
				SWIFT_VERSION = 5.0;
				TARGETED_DEVICE_FAMILY = "1,2";
			};
			name = Debug;
		};
		5843A5CD29D5146B008D797D /* Release */ = {
			isa = XCBuildConfiguration;
			buildSettings = {
				ASSETCATALOG_COMPILER_APPICON_NAME = AppIcon;
				ASSETCATALOG_COMPILER_GLOBAL_ACCENT_COLOR_NAME = AccentColor;
				CODE_SIGN_STYLE = Automatic;
				CURRENT_PROJECT_VERSION = 1;
				DEVELOPMENT_TEAM = RF37X3S82D;
				GENERATE_INFOPLIST_FILE = YES;
				INFOPLIST_FILE = CrashAssist/Info.plist;
				INFOPLIST_KEY_UIApplicationSupportsIndirectInputEvents = YES;
				INFOPLIST_KEY_UILaunchStoryboardName = LaunchScreen;
				INFOPLIST_KEY_UIMainStoryboardFile = Main;
				INFOPLIST_KEY_UISupportedInterfaceOrientations_iPad = "UIInterfaceOrientationPortrait UIInterfaceOrientationPortraitUpsideDown UIInterfaceOrientationLandscapeLeft UIInterfaceOrientationLandscapeRight";
				INFOPLIST_KEY_UISupportedInterfaceOrientations_iPhone = "UIInterfaceOrientationPortrait UIInterfaceOrientationLandscapeLeft UIInterfaceOrientationLandscapeRight";
				LD_RUNPATH_SEARCH_PATHS = (
					"$(inherited)",
					"@executable_path/Frameworks",
				);
				MARKETING_VERSION = 1.0;
				PRODUCT_BUNDLE_IDENTIFIER = nsadeghi.itp342.CrashAssist;
				PRODUCT_NAME = "$(TARGET_NAME)";
				SWIFT_EMIT_LOC_STRINGS = YES;
				SWIFT_VERSION = 5.0;
				TARGETED_DEVICE_FAMILY = "1,2";
			};
			name = Release;
		};
		5843A5CF29D5146B008D797D /* Debug */ = {
			isa = XCBuildConfiguration;
			buildSettings = {
				ALWAYS_EMBED_SWIFT_STANDARD_LIBRARIES = YES;
				BUNDLE_LOADER = "$(TEST_HOST)";
				CODE_SIGN_STYLE = Automatic;
				CURRENT_PROJECT_VERSION = 1;
				DEVELOPMENT_TEAM = RF37X3S82D;
				GENERATE_INFOPLIST_FILE = YES;
				IPHONEOS_DEPLOYMENT_TARGET = 16.2;
				MARKETING_VERSION = 1.0;
				PRODUCT_BUNDLE_IDENTIFIER = nsadeghi.itp342.CrashAssistTests;
				PRODUCT_NAME = "$(TARGET_NAME)";
				SWIFT_EMIT_LOC_STRINGS = NO;
				SWIFT_VERSION = 5.0;
				TARGETED_DEVICE_FAMILY = "1,2";
				TEST_HOST = "$(BUILT_PRODUCTS_DIR)/CrashAssist.app/$(BUNDLE_EXECUTABLE_FOLDER_PATH)/CrashAssist";
			};
			name = Debug;
		};
		5843A5D029D5146B008D797D /* Release */ = {
			isa = XCBuildConfiguration;
			buildSettings = {
				ALWAYS_EMBED_SWIFT_STANDARD_LIBRARIES = YES;
				BUNDLE_LOADER = "$(TEST_HOST)";
				CODE_SIGN_STYLE = Automatic;
				CURRENT_PROJECT_VERSION = 1;
				DEVELOPMENT_TEAM = RF37X3S82D;
				GENERATE_INFOPLIST_FILE = YES;
				IPHONEOS_DEPLOYMENT_TARGET = 16.2;
				MARKETING_VERSION = 1.0;
				PRODUCT_BUNDLE_IDENTIFIER = nsadeghi.itp342.CrashAssistTests;
				PRODUCT_NAME = "$(TARGET_NAME)";
				SWIFT_EMIT_LOC_STRINGS = NO;
				SWIFT_VERSION = 5.0;
				TARGETED_DEVICE_FAMILY = "1,2";
				TEST_HOST = "$(BUILT_PRODUCTS_DIR)/CrashAssist.app/$(BUNDLE_EXECUTABLE_FOLDER_PATH)/CrashAssist";
			};
			name = Release;
		};
		5843A5D229D5146B008D797D /* Debug */ = {
			isa = XCBuildConfiguration;
			buildSettings = {
				ALWAYS_EMBED_SWIFT_STANDARD_LIBRARIES = YES;
				CODE_SIGN_STYLE = Automatic;
				CURRENT_PROJECT_VERSION = 1;
				DEVELOPMENT_TEAM = RF37X3S82D;
				GENERATE_INFOPLIST_FILE = YES;
				MARKETING_VERSION = 1.0;
				PRODUCT_BUNDLE_IDENTIFIER = nsadeghi.itp342.CrashAssistUITests;
				PRODUCT_NAME = "$(TARGET_NAME)";
				SWIFT_EMIT_LOC_STRINGS = NO;
				SWIFT_VERSION = 5.0;
				TARGETED_DEVICE_FAMILY = "1,2";
				TEST_TARGET_NAME = CrashAssist;
			};
			name = Debug;
		};
		5843A5D329D5146B008D797D /* Release */ = {
			isa = XCBuildConfiguration;
			buildSettings = {
				ALWAYS_EMBED_SWIFT_STANDARD_LIBRARIES = YES;
				CODE_SIGN_STYLE = Automatic;
				CURRENT_PROJECT_VERSION = 1;
				DEVELOPMENT_TEAM = RF37X3S82D;
				GENERATE_INFOPLIST_FILE = YES;
				MARKETING_VERSION = 1.0;
				PRODUCT_BUNDLE_IDENTIFIER = nsadeghi.itp342.CrashAssistUITests;
				PRODUCT_NAME = "$(TARGET_NAME)";
				SWIFT_EMIT_LOC_STRINGS = NO;
				SWIFT_VERSION = 5.0;
				TARGETED_DEVICE_FAMILY = "1,2";
				TEST_TARGET_NAME = CrashAssist;
			};
			name = Release;
		};
/* End XCBuildConfiguration section */

/* Begin XCConfigurationList section */
		5843A59C29D5146A008D797D /* Build configuration list for PBXProject "CrashAssist" */ = {
			isa = XCConfigurationList;
			buildConfigurations = (
				5843A5C929D5146B008D797D /* Debug */,
				5843A5CA29D5146B008D797D /* Release */,
			);
			defaultConfigurationIsVisible = 0;
			defaultConfigurationName = Release;
		};
		5843A5CB29D5146B008D797D /* Build configuration list for PBXNativeTarget "CrashAssist" */ = {
			isa = XCConfigurationList;
			buildConfigurations = (
				5843A5CC29D5146B008D797D /* Debug */,
				5843A5CD29D5146B008D797D /* Release */,
			);
			defaultConfigurationIsVisible = 0;
			defaultConfigurationName = Release;
		};
		5843A5CE29D5146B008D797D /* Build configuration list for PBXNativeTarget "CrashAssistTests" */ = {
			isa = XCConfigurationList;
			buildConfigurations = (
				5843A5CF29D5146B008D797D /* Debug */,
				5843A5D029D5146B008D797D /* Release */,
			);
			defaultConfigurationIsVisible = 0;
			defaultConfigurationName = Release;
		};
		5843A5D129D5146B008D797D /* Build configuration list for PBXNativeTarget "CrashAssistUITests" */ = {
			isa = XCConfigurationList;
			buildConfigurations = (
				5843A5D229D5146B008D797D /* Debug */,
				5843A5D329D5146B008D797D /* Release */,
			);
			defaultConfigurationIsVisible = 0;
			defaultConfigurationName = Release;
		};
/* End XCConfigurationList section */
	};
	rootObject = 5843A59929D5146A008D797D /* Project object */;
}
