// !$*UTF8*$!
{
	archiveVersion = 1;
	classes = {
	};
	objectVersion = 56;
	objects = {

/* Begin PBXBuildFile section */
		041674C655B411BBEFC96B6C /* Pods_CrashAssist.framework in Frameworks */ = {isa = PBXBuildFile; fileRef = A7C76CA1772ADE2ABB2C0853 /* Pods_CrashAssist.framework */; };
		5801F66629FF73EB00DFDD71 /* LogView.swift in Sources */ = {isa = PBXBuildFile; fileRef = 5801F66529FF73EB00DFDD71 /* LogView.swift */; };
		5801F6682A00815F00DFDD71 /* WeatherView.swift in Sources */ = {isa = PBXBuildFile; fileRef = 5801F6672A00815F00DFDD71 /* WeatherView.swift */; };
		5801F66D2A009CCE00DFDD71 /* 90422-security-car-black.json in Resources */ = {isa = PBXBuildFile; fileRef = 5801F66C2A009CCE00DFDD71 /* 90422-security-car-black.json */; };
		5801F66F2A00A35000DFDD71 /* loading-blue-home.json in Resources */ = {isa = PBXBuildFile; fileRef = 5801F66E2A00A35000DFDD71 /* loading-blue-home.json */; };
		5801F6712A00AEE100DFDD71 /* startup-carloadinganimation.json in Resources */ = {isa = PBXBuildFile; fileRef = 5801F6702A00AEE000DFDD71 /* startup-carloadinganimation.json */; };
		5801F6732A00AF1500DFDD71 /* LoadingScreenController.swift in Sources */ = {isa = PBXBuildFile; fileRef = 5801F6722A00AF1500DFDD71 /* LoadingScreenController.swift */; };
		5801F6752A00B1A800DFDD71 /* car-crash.json in Resources */ = {isa = PBXBuildFile; fileRef = 5801F6742A00B1A800DFDD71 /* car-crash.json */; };
		580F109629E0C296008C401B /* HomePageController.swift in Sources */ = {isa = PBXBuildFile; fileRef = 580F109529E0C296008C401B /* HomePageController.swift */; };
		580F109829E0C2A9008C401B /* SettingsController.swift in Sources */ = {isa = PBXBuildFile; fileRef = 580F109729E0C2A9008C401B /* SettingsController.swift */; };
		580F109A29E0C2B6008C401B /* ProfileController.swift in Sources */ = {isa = PBXBuildFile; fileRef = 580F109929E0C2B6008C401B /* ProfileController.swift */; };
		580F109C29E0C4CB008C401B /* NewLogController.swift in Sources */ = {isa = PBXBuildFile; fileRef = 580F109B29E0C4CB008C401B /* NewLogController.swift */; };
		580F109F29E0E8A8008C401B /* Log.swift in Sources */ = {isa = PBXBuildFile; fileRef = 580F109E29E0E8A8008C401B /* Log.swift */; };
		580F10A129E0E8B4008C401B /* LogManager.swift in Sources */ = {isa = PBXBuildFile; fileRef = 580F10A029E0E8B4008C401B /* LogManager.swift */; };
		580F10A329E23F6B008C401B /* User.swift in Sources */ = {isa = PBXBuildFile; fileRef = 580F10A229E23F6B008C401B /* User.swift */; };
		580F10A629E249B8008C401B /* MoreInfoController.swift in Sources */ = {isa = PBXBuildFile; fileRef = 580F10A529E249B8008C401B /* MoreInfoController.swift */; };
		581B1E0029FA11F9008160DA /* NewLogControllerV2.swift in Sources */ = {isa = PBXBuildFile; fileRef = 581B1DFF29FA11F9008160DA /* NewLogControllerV2.swift */; };
		581B1E1029FF1B67008160DA /* FieldTableViewCell.swift in Sources */ = {isa = PBXBuildFile; fileRef = 581B1E0E29FF1B67008160DA /* FieldTableViewCell.swift */; };
		581B1E1129FF1B67008160DA /* FieldTableViewCell.xib in Resources */ = {isa = PBXBuildFile; fileRef = 581B1E0F29FF1B67008160DA /* FieldTableViewCell.xib */; };
		581B1E1429FF1C0E008160DA /* TextViewTableViewCell.swift in Sources */ = {isa = PBXBuildFile; fileRef = 581B1E1229FF1C0E008160DA /* TextViewTableViewCell.swift */; };
		581B1E1529FF1C0E008160DA /* TextViewTableViewCell.xib in Resources */ = {isa = PBXBuildFile; fileRef = 581B1E1329FF1C0E008160DA /* TextViewTableViewCell.xib */; };
		581B1E1829FF1C41008160DA /* TimePickerTableViewCell.swift in Sources */ = {isa = PBXBuildFile; fileRef = 581B1E1629FF1C41008160DA /* TimePickerTableViewCell.swift */; };
		581B1E1929FF1C41008160DA /* TimePickerTableViewCell.xib in Resources */ = {isa = PBXBuildFile; fileRef = 581B1E1729FF1C41008160DA /* TimePickerTableViewCell.xib */; };
		581B1E1D29FF1C65008160DA /* LocationTableViewCell.swift in Sources */ = {isa = PBXBuildFile; fileRef = 581B1E1B29FF1C65008160DA /* LocationTableViewCell.swift */; };
		581B1E1E29FF1C65008160DA /* LocationTableViewCell.xib in Resources */ = {isa = PBXBuildFile; fileRef = 581B1E1C29FF1C65008160DA /* LocationTableViewCell.xib */; };
		581B1E2129FF1DD9008160DA /* HeaderTableViewCell.swift in Sources */ = {isa = PBXBuildFile; fileRef = 581B1E1F29FF1DD9008160DA /* HeaderTableViewCell.swift */; };
		581B1E2229FF1DD9008160DA /* HeaderTableViewCell.xib in Resources */ = {isa = PBXBuildFile; fileRef = 581B1E2029FF1DD9008160DA /* HeaderTableViewCell.xib */; };
		581B1E2429FF63E8008160DA /* ViewLogController.swift in Sources */ = {isa = PBXBuildFile; fileRef = 581B1E2329FF63E8008160DA /* ViewLogController.swift */; };
		5838DEC929DFB31600240011 /* GoogleService-Info.plist in Resources */ = {isa = PBXBuildFile; fileRef = 5838DEC829DFB31600240011 /* GoogleService-Info.plist */; };
		5838DECB29DFB4B300240011 /* LandingController.swift in Sources */ = {isa = PBXBuildFile; fileRef = 5838DECA29DFB4B300240011 /* LandingController.swift */; };
		5843A5A529D5146A008D797D /* AppDelegate.swift in Sources */ = {isa = PBXBuildFile; fileRef = 5843A5A429D5146A008D797D /* AppDelegate.swift */; };
		5843A5A729D5146A008D797D /* SceneDelegate.swift in Sources */ = {isa = PBXBuildFile; fileRef = 5843A5A629D5146A008D797D /* SceneDelegate.swift */; };
		5843A5A929D5146A008D797D /* BaseViewController.swift in Sources */ = {isa = PBXBuildFile; fileRef = 5843A5A829D5146A008D797D /* BaseViewController.swift */; };
		5843A5AC29D5146A008D797D /* Main.storyboard in Resources */ = {isa = PBXBuildFile; fileRef = 5843A5AA29D5146A008D797D /* Main.storyboard */; };
		5843A5AE29D5146B008D797D /* Assets.xcassets in Resources */ = {isa = PBXBuildFile; fileRef = 5843A5AD29D5146B008D797D /* Assets.xcassets */; };
		5843A5B129D5146B008D797D /* LaunchScreen.storyboard in Resources */ = {isa = PBXBuildFile; fileRef = 5843A5AF29D5146B008D797D /* LaunchScreen.storyboard */; };
		5843A5BC29D5146B008D797D /* CrashAssistTests.swift in Sources */ = {isa = PBXBuildFile; fileRef = 5843A5BB29D5146B008D797D /* CrashAssistTests.swift */; };
		5843A5C629D5146B008D797D /* CrashAssistUITests.swift in Sources */ = {isa = PBXBuildFile; fileRef = 5843A5C529D5146B008D797D /* CrashAssistUITests.swift */; };
		5843A5C829D5146B008D797D /* CrashAssistUITestsLaunchTests.swift in Sources */ = {isa = PBXBuildFile; fileRef = 5843A5C729D5146B008D797D /* CrashAssistUITestsLaunchTests.swift */; };
		588FA31A29EF6FA40072A26D /* UserManager.swift in Sources */ = {isa = PBXBuildFile; fileRef = 588FA31929EF6FA40072A26D /* UserManager.swift */; };
		588FA32029F610570072A26D /* CoreLocation.framework in Frameworks */ = {isa = PBXBuildFile; fileRef = 588FA31E29F610570072A26D /* CoreLocation.framework */; };
		588FA32129F610570072A26D /* CoreLocationUI.framework in Frameworks */ = {isa = PBXBuildFile; fileRef = 588FA31F29F610570072A26D /* CoreLocationUI.framework */; };
		6B97498D2F373E8DCF1399D7 /* Pods_CrashAssist_CrashAssistUITests.framework in Frameworks */ = {isa = PBXBuildFile; fileRef = 9F4A5D508C811C6CA2565B6A /* Pods_CrashAssist_CrashAssistUITests.framework */; };
		8F14C6006F56B128D450085E /* Pods_CrashAssistTests.framework in Frameworks */ = {isa = PBXBuildFile; fileRef = A9BA9CD8B6D5C79FC895EF8B /* Pods_CrashAssistTests.framework */; };
/* End PBXBuildFile section */

/* Begin PBXContainerItemProxy section */
		5843A5B829D5146B008D797D /* PBXContainerItemProxy */ = {
			isa = PBXContainerItemProxy;
			containerPortal = 5843A59929D5146A008D797D /* Project object */;
			proxyType = 1;
			remoteGlobalIDString = 5843A5A029D5146A008D797D;
			remoteInfo = CrashAssist;
		};
		5843A5C229D5146B008D797D /* PBXContainerItemProxy */ = {
			isa = PBXContainerItemProxy;
			containerPortal = 5843A59929D5146A008D797D /* Project object */;
			proxyType = 1;
			remoteGlobalIDString = 5843A5A029D5146A008D797D;
			remoteInfo = CrashAssist;
		};
/* End PBXContainerItemProxy section */

/* Begin PBXFileReference section */
		4D2E84AA35701DF92820091D /* Pods-CrashAssistTests.debug.xcconfig */ = {isa = PBXFileReference; includeInIndex = 1; lastKnownFileType = text.xcconfig; name = "Pods-CrashAssistTests.debug.xcconfig"; path = "Target Support Files/Pods-CrashAssistTests/Pods-CrashAssistTests.debug.xcconfig"; sourceTree = "<group>"; };
		501F922DCB48300CB79148CE /* Pods-CrashAssist.release.xcconfig */ = {isa = PBXFileReference; includeInIndex = 1; lastKnownFileType = text.xcconfig; name = "Pods-CrashAssist.release.xcconfig"; path = "Target Support Files/Pods-CrashAssist/Pods-CrashAssist.release.xcconfig"; sourceTree = "<group>"; };
		5801F66529FF73EB00DFDD71 /* LogView.swift */ = {isa = PBXFileReference; lastKnownFileType = sourcecode.swift; path = LogView.swift; sourceTree = "<group>"; };
		5801F6672A00815F00DFDD71 /* WeatherView.swift */ = {isa = PBXFileReference; lastKnownFileType = sourcecode.swift; path = WeatherView.swift; sourceTree = "<group>"; };
		5801F66C2A009CCE00DFDD71 /* 90422-security-car-black.json */ = {isa = PBXFileReference; fileEncoding = 4; lastKnownFileType = text.json; path = "90422-security-car-black.json"; sourceTree = "<group>"; };
		5801F66E2A00A35000DFDD71 /* loading-blue-home.json */ = {isa = PBXFileReference; fileEncoding = 4; lastKnownFileType = text.json; path = "loading-blue-home.json"; sourceTree = "<group>"; };
		5801F6702A00AEE000DFDD71 /* startup-carloadinganimation.json */ = {isa = PBXFileReference; fileEncoding = 4; lastKnownFileType = text.json; path = "startup-carloadinganimation.json"; sourceTree = "<group>"; };
		5801F6722A00AF1500DFDD71 /* LoadingScreenController.swift */ = {isa = PBXFileReference; lastKnownFileType = sourcecode.swift; path = LoadingScreenController.swift; sourceTree = "<group>"; };
		5801F6742A00B1A800DFDD71 /* car-crash.json */ = {isa = PBXFileReference; fileEncoding = 4; lastKnownFileType = text.json; path = "car-crash.json"; sourceTree = "<group>"; };
		580F109529E0C296008C401B /* HomePageController.swift */ = {isa = PBXFileReference; lastKnownFileType = sourcecode.swift; path = HomePageController.swift; sourceTree = "<group>"; };
		580F109729E0C2A9008C401B /* SettingsController.swift */ = {isa = PBXFileReference; lastKnownFileType = sourcecode.swift; path = SettingsController.swift; sourceTree = "<group>"; };
		580F109929E0C2B6008C401B /* ProfileController.swift */ = {isa = PBXFileReference; lastKnownFileType = sourcecode.swift; path = ProfileController.swift; sourceTree = "<group>"; };
		580F109B29E0C4CB008C401B /* NewLogController.swift */ = {isa = PBXFileReference; lastKnownFileType = sourcecode.swift; path = NewLogController.swift; sourceTree = "<group>"; };
		580F109D29E0DACF008C401B /* CrashAssist.entitlements */ = {isa = PBXFileReference; lastKnownFileType = text.plist.entitlements; path = CrashAssist.entitlements; sourceTree = "<group>"; };
		580F109E29E0E8A8008C401B /* Log.swift */ = {isa = PBXFileReference; lastKnownFileType = sourcecode.swift; path = Log.swift; sourceTree = "<group>"; };
		580F10A029E0E8B4008C401B /* LogManager.swift */ = {isa = PBXFileReference; lastKnownFileType = sourcecode.swift; path = LogManager.swift; sourceTree = "<group>"; };
		580F10A229E23F6B008C401B /* User.swift */ = {isa = PBXFileReference; lastKnownFileType = sourcecode.swift; path = User.swift; sourceTree = "<group>"; };
		580F10A529E249B8008C401B /* MoreInfoController.swift */ = {isa = PBXFileReference; lastKnownFileType = sourcecode.swift; path = MoreInfoController.swift; sourceTree = "<group>"; };
		581B1DFF29FA11F9008160DA /* NewLogControllerV2.swift */ = {isa = PBXFileReference; lastKnownFileType = sourcecode.swift; path = NewLogControllerV2.swift; sourceTree = "<group>"; };
		581B1E0E29FF1B67008160DA /* FieldTableViewCell.swift */ = {isa = PBXFileReference; lastKnownFileType = sourcecode.swift; path = FieldTableViewCell.swift; sourceTree = "<group>"; };
		581B1E0F29FF1B67008160DA /* FieldTableViewCell.xib */ = {isa = PBXFileReference; lastKnownFileType = file.xib; path = FieldTableViewCell.xib; sourceTree = "<group>"; };
		581B1E1229FF1C0E008160DA /* TextViewTableViewCell.swift */ = {isa = PBXFileReference; lastKnownFileType = sourcecode.swift; path = TextViewTableViewCell.swift; sourceTree = "<group>"; };
		581B1E1329FF1C0E008160DA /* TextViewTableViewCell.xib */ = {isa = PBXFileReference; lastKnownFileType = file.xib; path = TextViewTableViewCell.xib; sourceTree = "<group>"; };
		581B1E1629FF1C41008160DA /* TimePickerTableViewCell.swift */ = {isa = PBXFileReference; lastKnownFileType = sourcecode.swift; path = TimePickerTableViewCell.swift; sourceTree = "<group>"; };
		581B1E1729FF1C41008160DA /* TimePickerTableViewCell.xib */ = {isa = PBXFileReference; lastKnownFileType = file.xib; path = TimePickerTableViewCell.xib; sourceTree = "<group>"; };
		581B1E1B29FF1C65008160DA /* LocationTableViewCell.swift */ = {isa = PBXFileReference; lastKnownFileType = sourcecode.swift; path = LocationTableViewCell.swift; sourceTree = "<group>"; };
		581B1E1C29FF1C65008160DA /* LocationTableViewCell.xib */ = {isa = PBXFileReference; lastKnownFileType = file.xib; path = LocationTableViewCell.xib; sourceTree = "<group>"; };
		581B1E1F29FF1DD9008160DA /* HeaderTableViewCell.swift */ = {isa = PBXFileReference; lastKnownFileType = sourcecode.swift; path = HeaderTableViewCell.swift; sourceTree = "<group>"; };
		581B1E2029FF1DD9008160DA /* HeaderTableViewCell.xib */ = {isa = PBXFileReference; lastKnownFileType = file.xib; path = HeaderTableViewCell.xib; sourceTree = "<group>"; };
		581B1E2329FF63E8008160DA /* ViewLogController.swift */ = {isa = PBXFileReference; lastKnownFileType = sourcecode.swift; path = ViewLogController.swift; sourceTree = "<group>"; };
		5838DEC829DFB31600240011 /* GoogleService-Info.plist */ = {isa = PBXFileReference; fileEncoding = 4; lastKnownFileType = text.plist.xml; path = "GoogleService-Info.plist"; sourceTree = "<group>"; };
		5838DECA29DFB4B300240011 /* LandingController.swift */ = {isa = PBXFileReference; lastKnownFileType = sourcecode.swift; path = LandingController.swift; sourceTree = "<group>"; };
		5843A5A129D5146A008D797D /* CrashAssist.app */ = {isa = PBXFileReference; explicitFileType = wrapper.application; includeInIndex = 0; path = CrashAssist.app; sourceTree = BUILT_PRODUCTS_DIR; };
		5843A5A429D5146A008D797D /* AppDelegate.swift */ = {isa = PBXFileReference; lastKnownFileType = sourcecode.swift; path = AppDelegate.swift; sourceTree = "<group>"; };
		5843A5A629D5146A008D797D /* SceneDelegate.swift */ = {isa = PBXFileReference; lastKnownFileType = sourcecode.swift; path = SceneDelegate.swift; sourceTree = "<group>"; };
		5843A5A829D5146A008D797D /* BaseViewController.swift */ = {isa = PBXFileReference; lastKnownFileType = sourcecode.swift; path = BaseViewController.swift; sourceTree = "<group>"; };
		5843A5AB29D5146A008D797D /* Base */ = {isa = PBXFileReference; lastKnownFileType = file.storyboard; name = Base; path = Base.lproj/Main.storyboard; sourceTree = "<group>"; };
		5843A5AD29D5146B008D797D /* Assets.xcassets */ = {isa = PBXFileReference; lastKnownFileType = folder.assetcatalog; path = Assets.xcassets; sourceTree = "<group>"; };
		5843A5B029D5146B008D797D /* Base */ = {isa = PBXFileReference; lastKnownFileType = file.storyboard; name = Base; path = Base.lproj/LaunchScreen.storyboard; sourceTree = "<group>"; };
		5843A5B229D5146B008D797D /* Info.plist */ = {isa = PBXFileReference; lastKnownFileType = text.plist.xml; path = Info.plist; sourceTree = "<group>"; };
		5843A5B729D5146B008D797D /* CrashAssistTests.xctest */ = {isa = PBXFileReference; explicitFileType = wrapper.cfbundle; includeInIndex = 0; path = CrashAssistTests.xctest; sourceTree = BUILT_PRODUCTS_DIR; };
		5843A5BB29D5146B008D797D /* CrashAssistTests.swift */ = {isa = PBXFileReference; lastKnownFileType = sourcecode.swift; path = CrashAssistTests.swift; sourceTree = "<group>"; };
		5843A5C129D5146B008D797D /* CrashAssistUITests.xctest */ = {isa = PBXFileReference; explicitFileType = wrapper.cfbundle; includeInIndex = 0; path = CrashAssistUITests.xctest; sourceTree = BUILT_PRODUCTS_DIR; };
		5843A5C529D5146B008D797D /* CrashAssistUITests.swift */ = {isa = PBXFileReference; lastKnownFileType = sourcecode.swift; path = CrashAssistUITests.swift; sourceTree = "<group>"; };
		5843A5C729D5146B008D797D /* CrashAssistUITestsLaunchTests.swift */ = {isa = PBXFileReference; lastKnownFileType = sourcecode.swift; path = CrashAssistUITestsLaunchTests.swift; sourceTree = "<group>"; };
		588FA31929EF6FA40072A26D /* UserManager.swift */ = {isa = PBXFileReference; lastKnownFileType = sourcecode.swift; path = UserManager.swift; sourceTree = "<group>"; };
		588FA31E29F610570072A26D /* CoreLocation.framework */ = {isa = PBXFileReference; lastKnownFileType = wrapper.framework; name = CoreLocation.framework; path = System/Library/Frameworks/CoreLocation.framework; sourceTree = SDKROOT; };
		588FA31F29F610570072A26D /* CoreLocationUI.framework */ = {isa = PBXFileReference; lastKnownFileType = wrapper.framework; name = CoreLocationUI.framework; path = System/Library/Frameworks/CoreLocationUI.framework; sourceTree = SDKROOT; };
		831C6E041A97909AB95B660A /* Pods-CrashAssist-CrashAssistUITests.release.xcconfig */ = {isa = PBXFileReference; includeInIndex = 1; lastKnownFileType = text.xcconfig; name = "Pods-CrashAssist-CrashAssistUITests.release.xcconfig"; path = "Target Support Files/Pods-CrashAssist-CrashAssistUITests/Pods-CrashAssist-CrashAssistUITests.release.xcconfig"; sourceTree = "<group>"; };
		9F4A5D508C811C6CA2565B6A /* Pods_CrashAssist_CrashAssistUITests.framework */ = {isa = PBXFileReference; explicitFileType = wrapper.framework; includeInIndex = 0; path = Pods_CrashAssist_CrashAssistUITests.framework; sourceTree = BUILT_PRODUCTS_DIR; };
		A7C76CA1772ADE2ABB2C0853 /* Pods_CrashAssist.framework */ = {isa = PBXFileReference; explicitFileType = wrapper.framework; includeInIndex = 0; path = Pods_CrashAssist.framework; sourceTree = BUILT_PRODUCTS_DIR; };
		A9BA9CD8B6D5C79FC895EF8B /* Pods_CrashAssistTests.framework */ = {isa = PBXFileReference; explicitFileType = wrapper.framework; includeInIndex = 0; path = Pods_CrashAssistTests.framework; sourceTree = BUILT_PRODUCTS_DIR; };
		B0CDF93BE7C96FABB4982E51 /* Pods-CrashAssistTests.release.xcconfig */ = {isa = PBXFileReference; includeInIndex = 1; lastKnownFileType = text.xcconfig; name = "Pods-CrashAssistTests.release.xcconfig"; path = "Target Support Files/Pods-CrashAssistTests/Pods-CrashAssistTests.release.xcconfig"; sourceTree = "<group>"; };
		B0E4AFB43C18C51693C70FAC /* Pods-CrashAssist.debug.xcconfig */ = {isa = PBXFileReference; includeInIndex = 1; lastKnownFileType = text.xcconfig; name = "Pods-CrashAssist.debug.xcconfig"; path = "Target Support Files/Pods-CrashAssist/Pods-CrashAssist.debug.xcconfig"; sourceTree = "<group>"; };
		E1EE2746ED3A3B021DF6060D /* Pods-CrashAssist-CrashAssistUITests.debug.xcconfig */ = {isa = PBXFileReference; includeInIndex = 1; lastKnownFileType = text.xcconfig; name = "Pods-CrashAssist-CrashAssistUITests.debug.xcconfig"; path = "Target Support Files/Pods-CrashAssist-CrashAssistUITests/Pods-CrashAssist-CrashAssistUITests.debug.xcconfig"; sourceTree = "<group>"; };
/* End PBXFileReference section */

/* Begin PBXFrameworksBuildPhase section */
		5843A59E29D5146A008D797D /* Frameworks */ = {
			isa = PBXFrameworksBuildPhase;
			buildActionMask = 2147483647;
			files = (
				588FA32029F610570072A26D /* CoreLocation.framework in Frameworks */,
				588FA32129F610570072A26D /* CoreLocationUI.framework in Frameworks */,
				041674C655B411BBEFC96B6C /* Pods_CrashAssist.framework in Frameworks */,
			);
			runOnlyForDeploymentPostprocessing = 0;
		};
		5843A5B429D5146B008D797D /* Frameworks */ = {
			isa = PBXFrameworksBuildPhase;
			buildActionMask = 2147483647;
			files = (
				8F14C6006F56B128D450085E /* Pods_CrashAssistTests.framework in Frameworks */,
			);
			runOnlyForDeploymentPostprocessing = 0;
		};
		5843A5BE29D5146B008D797D /* Frameworks */ = {
			isa = PBXFrameworksBuildPhase;
			buildActionMask = 2147483647;
			files = (
				6B97498D2F373E8DCF1399D7 /* Pods_CrashAssist_CrashAssistUITests.framework in Frameworks */,
			);
			runOnlyForDeploymentPostprocessing = 0;
		};
/* End PBXFrameworksBuildPhase section */

/* Begin PBXGroup section */
		5801F66B2A009CBD00DFDD71 /* Animations */ = {
			isa = PBXGroup;
			children = (
				5801F66C2A009CCE00DFDD71 /* 90422-security-car-black.json */,
				5801F66E2A00A35000DFDD71 /* loading-blue-home.json */,
				5801F6702A00AEE000DFDD71 /* startup-carloadinganimation.json */,
				5801F6742A00B1A800DFDD71 /* car-crash.json */,
			);
			path = Animations;
			sourceTree = "<group>";
		};
		5801F6762A00B51F00DFDD71 /* SwiftUI */ = {
			isa = PBXGroup;
			children = (
				5801F66529FF73EB00DFDD71 /* LogView.swift */,
				5801F6672A00815F00DFDD71 /* WeatherView.swift */,
			);
			path = SwiftUI;
			sourceTree = "<group>";
		};
		5843A59829D5146A008D797D = {
			isa = PBXGroup;
			children = (
				5843A5A329D5146A008D797D /* CrashAssist */,
				5843A5BA29D5146B008D797D /* CrashAssistTests */,
				5843A5C429D5146B008D797D /* CrashAssistUITests */,
				5843A5A229D5146A008D797D /* Products */,
				6E9DEAD6D2D88F746700951B /* Pods */,
				C4FB3E11832CE42F2F366A22 /* Frameworks */,
			);
			sourceTree = "<group>";
		};
		5843A5A229D5146A008D797D /* Products */ = {
			isa = PBXGroup;
			children = (
				5843A5A129D5146A008D797D /* CrashAssist.app */,
				5843A5B729D5146B008D797D /* CrashAssistTests.xctest */,
				5843A5C129D5146B008D797D /* CrashAssistUITests.xctest */,
			);
			name = Products;
			sourceTree = "<group>";
		};
		5843A5A329D5146A008D797D /* CrashAssist */ = {
			isa = PBXGroup;
			children = (
				5801F6762A00B51F00DFDD71 /* SwiftUI */,
				5801F66B2A009CBD00DFDD71 /* Animations */,
				580F109D29E0DACF008C401B /* CrashAssist.entitlements */,
				5838DEC829DFB31600240011 /* GoogleService-Info.plist */,
				5843A5D529D5147C008D797D /* Model */,
				5843A5D629D51481008D797D /* View */,
				5843A5D429D51477008D797D /* Controller */,
				5843A5D729D514AA008D797D /* Supporting Files */,
			);
			path = CrashAssist;
			sourceTree = "<group>";
		};
		5843A5BA29D5146B008D797D /* CrashAssistTests */ = {
			isa = PBXGroup;
			children = (
				5843A5BB29D5146B008D797D /* CrashAssistTests.swift */,
			);
			path = CrashAssistTests;
			sourceTree = "<group>";
		};
		5843A5C429D5146B008D797D /* CrashAssistUITests */ = {
			isa = PBXGroup;
			children = (
				5843A5C529D5146B008D797D /* CrashAssistUITests.swift */,
				5843A5C729D5146B008D797D /* CrashAssistUITestsLaunchTests.swift */,
			);
			path = CrashAssistUITests;
			sourceTree = "<group>";
		};
		5843A5D429D51477008D797D /* Controller */ = {
			isa = PBXGroup;
			children = (
				5843A5A829D5146A008D797D /* BaseViewController.swift */,
				5838DECA29DFB4B300240011 /* LandingController.swift */,
				580F10A529E249B8008C401B /* MoreInfoController.swift */,
				580F109529E0C296008C401B /* HomePageController.swift */,
				580F109729E0C2A9008C401B /* SettingsController.swift */,
				580F109929E0C2B6008C401B /* ProfileController.swift */,
				580F109B29E0C4CB008C401B /* NewLogController.swift */,
				581B1DFF29FA11F9008160DA /* NewLogControllerV2.swift */,
				581B1E2329FF63E8008160DA /* ViewLogController.swift */,
				5801F6722A00AF1500DFDD71 /* LoadingScreenController.swift */,
			);
			path = Controller;
			sourceTree = "<group>";
		};
		5843A5D529D5147C008D797D /* Model */ = {
			isa = PBXGroup;
			children = (
				580F109E29E0E8A8008C401B /* Log.swift */,
				580F10A029E0E8B4008C401B /* LogManager.swift */,
				580F10A229E23F6B008C401B /* User.swift */,
				588FA31929EF6FA40072A26D /* UserManager.swift */,
			);
			path = Model;
			sourceTree = "<group>";
		};
		5843A5D629D51481008D797D /* View */ = {
			isa = PBXGroup;
			children = (
				5843A5AA29D5146A008D797D /* Main.storyboard */,
				5843A5AF29D5146B008D797D /* LaunchScreen.storyboard */,
				581B1E0F29FF1B67008160DA /* FieldTableViewCell.xib */,
				581B1E1329FF1C0E008160DA /* TextViewTableViewCell.xib */,
				581B1E1729FF1C41008160DA /* TimePickerTableViewCell.xib */,
				581B1E1C29FF1C65008160DA /* LocationTableViewCell.xib */,
				581B1E2029FF1DD9008160DA /* HeaderTableViewCell.xib */,
				581B1E0E29FF1B67008160DA /* FieldTableViewCell.swift */,
				581B1E1229FF1C0E008160DA /* TextViewTableViewCell.swift */,
				581B1E1629FF1C41008160DA /* TimePickerTableViewCell.swift */,
				581B1E1B29FF1C65008160DA /* LocationTableViewCell.swift */,
				581B1E1F29FF1DD9008160DA /* HeaderTableViewCell.swift */,
			);
			path = View;
			sourceTree = "<group>";
		};
		5843A5D729D514AA008D797D /* Supporting Files */ = {
			isa = PBXGroup;
			children = (
				5843A5A429D5146A008D797D /* AppDelegate.swift */,
				5843A5A629D5146A008D797D /* SceneDelegate.swift */,
				5843A5AD29D5146B008D797D /* Assets.xcassets */,
				5843A5B229D5146B008D797D /* Info.plist */,
			);
			path = "Supporting Files";
			sourceTree = "<group>";
		};
		6E9DEAD6D2D88F746700951B /* Pods */ = {
			isa = PBXGroup;
			children = (
				B0E4AFB43C18C51693C70FAC /* Pods-CrashAssist.debug.xcconfig */,
				501F922DCB48300CB79148CE /* Pods-CrashAssist.release.xcconfig */,
				E1EE2746ED3A3B021DF6060D /* Pods-CrashAssist-CrashAssistUITests.debug.xcconfig */,
				831C6E041A97909AB95B660A /* Pods-CrashAssist-CrashAssistUITests.release.xcconfig */,
				4D2E84AA35701DF92820091D /* Pods-CrashAssistTests.debug.xcconfig */,
				B0CDF93BE7C96FABB4982E51 /* Pods-CrashAssistTests.release.xcconfig */,
			);
			path = Pods;
			sourceTree = "<group>";
		};
		C4FB3E11832CE42F2F366A22 /* Frameworks */ = {
			isa = PBXGroup;
			children = (
				588FA31E29F610570072A26D /* CoreLocation.framework */,
				588FA31F29F610570072A26D /* CoreLocationUI.framework */,
				A7C76CA1772ADE2ABB2C0853 /* Pods_CrashAssist.framework */,
				9F4A5D508C811C6CA2565B6A /* Pods_CrashAssist_CrashAssistUITests.framework */,
				A9BA9CD8B6D5C79FC895EF8B /* Pods_CrashAssistTests.framework */,
			);
			name = Frameworks;
			sourceTree = "<group>";
		};
/* End PBXGroup section */

/* Begin PBXNativeTarget section */
		5843A5A029D5146A008D797D /* CrashAssist */ = {
			isa = PBXNativeTarget;
			buildConfigurationList = 5843A5CB29D5146B008D797D /* Build configuration list for PBXNativeTarget "CrashAssist" */;
			buildPhases = (
				B0D9254521347DCFE75C6202 /* [CP] Check Pods Manifest.lock */,
				5843A59D29D5146A008D797D /* Sources */,
				5843A59E29D5146A008D797D /* Frameworks */,
				5843A59F29D5146A008D797D /* Resources */,
				50274225DFB5C23C51F60C85 /* [CP] Embed Pods Frameworks */,
				90079AC352E3F00FE82AA98A /* [CP] Copy Pods Resources */,
			);
			buildRules = (
			);
			dependencies = (
			);
			name = CrashAssist;
			packageProductDependencies = (
			);
			productName = CrashAssist;
			productReference = 5843A5A129D5146A008D797D /* CrashAssist.app */;
			productType = "com.apple.product-type.application";
		};
		5843A5B629D5146B008D797D /* CrashAssistTests */ = {
			isa = PBXNativeTarget;
			buildConfigurationList = 5843A5CE29D5146B008D797D /* Build configuration list for PBXNativeTarget "CrashAssistTests" */;
			buildPhases = (
				964C031F4F8EE3076C90FF23 /* [CP] Check Pods Manifest.lock */,
				5843A5B329D5146B008D797D /* Sources */,
				5843A5B429D5146B008D797D /* Frameworks */,
				5843A5B529D5146B008D797D /* Resources */,
			);
			buildRules = (
			);
			dependencies = (
				5843A5B929D5146B008D797D /* PBXTargetDependency */,
			);
			name = CrashAssistTests;
			productName = CrashAssistTests;
			productReference = 5843A5B729D5146B008D797D /* CrashAssistTests.xctest */;
			productType = "com.apple.product-type.bundle.unit-test";
		};
		5843A5C029D5146B008D797D /* CrashAssistUITests */ = {
			isa = PBXNativeTarget;
			buildConfigurationList = 5843A5D129D5146B008D797D /* Build configuration list for PBXNativeTarget "CrashAssistUITests" */;
			buildPhases = (
				AFD0EB3FFEBD5EF6B34AE7E0 /* [CP] Check Pods Manifest.lock */,
				5843A5BD29D5146B008D797D /* Sources */,
				5843A5BE29D5146B008D797D /* Frameworks */,
				5843A5BF29D5146B008D797D /* Resources */,
				1A124648BD011198E48045FB /* [CP] Embed Pods Frameworks */,
				9E99FB016CA5D1B541D23A9D /* [CP] Copy Pods Resources */,
			);
			buildRules = (
			);
			dependencies = (
				5843A5C329D5146B008D797D /* PBXTargetDependency */,
			);
			name = CrashAssistUITests;
			productName = CrashAssistUITests;
			productReference = 5843A5C129D5146B008D797D /* CrashAssistUITests.xctest */;
			productType = "com.apple.product-type.bundle.ui-testing";
		};
/* End PBXNativeTarget section */

/* Begin PBXProject section */
		5843A59929D5146A008D797D /* Project object */ = {
			isa = PBXProject;
			attributes = {
				BuildIndependentTargetsInParallel = 1;
				LastSwiftUpdateCheck = 1420;
				LastUpgradeCheck = 1420;
				TargetAttributes = {
					5843A5A029D5146A008D797D = {
						CreatedOnToolsVersion = 14.2;
					};
					5843A5B629D5146B008D797D = {
						CreatedOnToolsVersion = 14.2;
						TestTargetID = 5843A5A029D5146A008D797D;
					};
					5843A5C029D5146B008D797D = {
						CreatedOnToolsVersion = 14.2;
						TestTargetID = 5843A5A029D5146A008D797D;
					};
				};
			};
			buildConfigurationList = 5843A59C29D5146A008D797D /* Build configuration list for PBXProject "CrashAssist" */;
			compatibilityVersion = "Xcode 14.0";
			developmentRegion = en;
			hasScannedForEncodings = 0;
			knownRegions = (
				en,
				Base,
			);
			mainGroup = 5843A59829D5146A008D797D;
			packageReferences = (
			);
			productRefGroup = 5843A5A229D5146A008D797D /* Products */;
			projectDirPath = "";
			projectRoot = "";
			targets = (
				5843A5A029D5146A008D797D /* CrashAssist */,
				5843A5B629D5146B008D797D /* CrashAssistTests */,
				5843A5C029D5146B008D797D /* CrashAssistUITests */,
			);
		};
/* End PBXProject section */

/* Begin PBXResourcesBuildPhase section */
		5843A59F29D5146A008D797D /* Resources */ = {
			isa = PBXResourcesBuildPhase;
			buildActionMask = 2147483647;
			files = (
				5801F6712A00AEE100DFDD71 /* startup-carloadinganimation.json in Resources */,
				5843A5B129D5146B008D797D /* LaunchScreen.storyboard in Resources */,
				581B1E2229FF1DD9008160DA /* HeaderTableViewCell.xib in Resources */,
				581B1E1529FF1C0E008160DA /* TextViewTableViewCell.xib in Resources */,
				581B1E1129FF1B67008160DA /* FieldTableViewCell.xib in Resources */,
				5801F66D2A009CCE00DFDD71 /* 90422-security-car-black.json in Resources */,
				5838DEC929DFB31600240011 /* GoogleService-Info.plist in Resources */,
				5801F6752A00B1A800DFDD71 /* car-crash.json in Resources */,
				5843A5AE29D5146B008D797D /* Assets.xcassets in Resources */,
				5843A5AC29D5146A008D797D /* Main.storyboard in Resources */,
				581B1E1E29FF1C65008160DA /* LocationTableViewCell.xib in Resources */,
				581B1E1929FF1C41008160DA /* TimePickerTableViewCell.xib in Resources */,
				5801F66F2A00A35000DFDD71 /* loading-blue-home.json in Resources */,
			);
			runOnlyForDeploymentPostprocessing = 0;
		};
		5843A5B529D5146B008D797D /* Resources */ = {
			isa = PBXResourcesBuildPhase;
			buildActionMask = 2147483647;
			files = (
			);
			runOnlyForDeploymentPostprocessing = 0;
		};
		5843A5BF29D5146B008D797D /* Resources */ = {
			isa = PBXResourcesBuildPhase;
			buildActionMask = 2147483647;
			files = (
			);
			runOnlyForDeploymentPostprocessing = 0;
		};
/* End PBXResourcesBuildPhase section */

/* Begin PBXShellScriptBuildPhase section */
		1A124648BD011198E48045FB /* [CP] Embed Pods Frameworks */ = {
			isa = PBXShellScriptBuildPhase;
			buildActionMask = 2147483647;
			files = (
			);
			inputFileListPaths = (
				"${PODS_ROOT}/Target Support Files/Pods-CrashAssist-CrashAssistUITests/Pods-CrashAssist-CrashAssistUITests-frameworks-${CONFIGURATION}-input-files.xcfilelist",
			);
			name = "[CP] Embed Pods Frameworks";
			outputFileListPaths = (
				"${PODS_ROOT}/Target Support Files/Pods-CrashAssist-CrashAssistUITests/Pods-CrashAssist-CrashAssistUITests-frameworks-${CONFIGURATION}-output-files.xcfilelist",
			);
			runOnlyForDeploymentPostprocessing = 0;
			shellPath = /bin/sh;
			shellScript = "\"${PODS_ROOT}/Target Support Files/Pods-CrashAssist-CrashAssistUITests/Pods-CrashAssist-CrashAssistUITests-frameworks.sh\"\n";
			showEnvVarsInLog = 0;
		};
		50274225DFB5C23C51F60C85 /* [CP] Embed Pods Frameworks */ = {
			isa = PBXShellScriptBuildPhase;
			buildActionMask = 2147483647;
			files = (
			);
			inputFileListPaths = (
				"${PODS_ROOT}/Target Support Files/Pods-CrashAssist/Pods-CrashAssist-frameworks-${CONFIGURATION}-input-files.xcfilelist",
			);
			name = "[CP] Embed Pods Frameworks";
			outputFileListPaths = (
				"${PODS_ROOT}/Target Support Files/Pods-CrashAssist/Pods-CrashAssist-frameworks-${CONFIGURATION}-output-files.xcfilelist",
			);
			runOnlyForDeploymentPostprocessing = 0;
			shellPath = /bin/sh;
			shellScript = "\"${PODS_ROOT}/Target Support Files/Pods-CrashAssist/Pods-CrashAssist-frameworks.sh\"\n";
			showEnvVarsInLog = 0;
		};
		90079AC352E3F00FE82AA98A /* [CP] Copy Pods Resources */ = {
			isa = PBXShellScriptBuildPhase;
			buildActionMask = 2147483647;
			files = (
			);
			inputFileListPaths = (
				"${PODS_ROOT}/Target Support Files/Pods-CrashAssist/Pods-CrashAssist-resources-${CONFIGURATION}-input-files.xcfilelist",
			);
			name = "[CP] Copy Pods Resources";
			outputFileListPaths = (
				"${PODS_ROOT}/Target Support Files/Pods-CrashAssist/Pods-CrashAssist-resources-${CONFIGURATION}-output-files.xcfilelist",
			);
			runOnlyForDeploymentPostprocessing = 0;
			shellPath = /bin/sh;
			shellScript = "\"${PODS_ROOT}/Target Support Files/Pods-CrashAssist/Pods-CrashAssist-resources.sh\"\n";
			showEnvVarsInLog = 0;
		};
		964C031F4F8EE3076C90FF23 /* [CP] Check Pods Manifest.lock */ = {
			isa = PBXShellScriptBuildPhase;
			buildActionMask = 2147483647;
			files = (
			);
			inputFileListPaths = (
			);
			inputPaths = (
				"${PODS_PODFILE_DIR_PATH}/Podfile.lock",
				"${PODS_ROOT}/Manifest.lock",
			);
			name = "[CP] Check Pods Manifest.lock";
			outputFileListPaths = (
			);
			outputPaths = (
				"$(DERIVED_FILE_DIR)/Pods-CrashAssistTests-checkManifestLockResult.txt",
			);
			runOnlyForDeploymentPostprocessing = 0;
			shellPath = /bin/sh;
			shellScript = "diff \"${PODS_PODFILE_DIR_PATH}/Podfile.lock\" \"${PODS_ROOT}/Manifest.lock\" > /dev/null\nif [ $? != 0 ] ; then\n    # print error to STDERR\n    echo \"error: The sandbox is not in sync with the Podfile.lock. Run 'pod install' or update your CocoaPods installation.\" >&2\n    exit 1\nfi\n# This output is used by Xcode 'outputs' to avoid re-running this script phase.\necho \"SUCCESS\" > \"${SCRIPT_OUTPUT_FILE_0}\"\n";
			showEnvVarsInLog = 0;
		};
		9E99FB016CA5D1B541D23A9D /* [CP] Copy Pods Resources */ = {
			isa = PBXShellScriptBuildPhase;
			buildActionMask = 2147483647;
			files = (
			);
			inputFileListPaths = (
				"${PODS_ROOT}/Target Support Files/Pods-CrashAssist-CrashAssistUITests/Pods-CrashAssist-CrashAssistUITests-resources-${CONFIGURATION}-input-files.xcfilelist",
			);
			name = "[CP] Copy Pods Resources";
			outputFileListPaths = (
				"${PODS_ROOT}/Target Support Files/Pods-CrashAssist-CrashAssistUITests/Pods-CrashAssist-CrashAssistUITests-resources-${CONFIGURATION}-output-files.xcfilelist",
			);
			runOnlyForDeploymentPostprocessing = 0;
			shellPath = /bin/sh;
			shellScript = "\"${PODS_ROOT}/Target Support Files/Pods-CrashAssist-CrashAssistUITests/Pods-CrashAssist-CrashAssistUITests-resources.sh\"\n";
			showEnvVarsInLog = 0;
		};
		AFD0EB3FFEBD5EF6B34AE7E0 /* [CP] Check Pods Manifest.lock */ = {
			isa = PBXShellScriptBuildPhase;
			buildActionMask = 2147483647;
			files = (
			);
			inputFileListPaths = (
			);
			inputPaths = (
				"${PODS_PODFILE_DIR_PATH}/Podfile.lock",
				"${PODS_ROOT}/Manifest.lock",
			);
			name = "[CP] Check Pods Manifest.lock";
			outputFileListPaths = (
			);
			outputPaths = (
				"$(DERIVED_FILE_DIR)/Pods-CrashAssist-CrashAssistUITests-checkManifestLockResult.txt",
			);
			runOnlyForDeploymentPostprocessing = 0;
			shellPath = /bin/sh;
			shellScript = "diff \"${PODS_PODFILE_DIR_PATH}/Podfile.lock\" \"${PODS_ROOT}/Manifest.lock\" > /dev/null\nif [ $? != 0 ] ; then\n    # print error to STDERR\n    echo \"error: The sandbox is not in sync with the Podfile.lock. Run 'pod install' or update your CocoaPods installation.\" >&2\n    exit 1\nfi\n# This output is used by Xcode 'outputs' to avoid re-running this script phase.\necho \"SUCCESS\" > \"${SCRIPT_OUTPUT_FILE_0}\"\n";
			showEnvVarsInLog = 0;
		};
		B0D9254521347DCFE75C6202 /* [CP] Check Pods Manifest.lock */ = {
			isa = PBXShellScriptBuildPhase;
			buildActionMask = 2147483647;
			files = (
			);
			inputFileListPaths = (
			);
			inputPaths = (
				"${PODS_PODFILE_DIR_PATH}/Podfile.lock",
				"${PODS_ROOT}/Manifest.lock",
			);
			name = "[CP] Check Pods Manifest.lock";
			outputFileListPaths = (
			);
			outputPaths = (
				"$(DERIVED_FILE_DIR)/Pods-CrashAssist-checkManifestLockResult.txt",
			);
			runOnlyForDeploymentPostprocessing = 0;
			shellPath = /bin/sh;
			shellScript = "diff \"${PODS_PODFILE_DIR_PATH}/Podfile.lock\" \"${PODS_ROOT}/Manifest.lock\" > /dev/null\nif [ $? != 0 ] ; then\n    # print error to STDERR\n    echo \"error: The sandbox is not in sync with the Podfile.lock. Run 'pod install' or update your CocoaPods installation.\" >&2\n    exit 1\nfi\n# This output is used by Xcode 'outputs' to avoid re-running this script phase.\necho \"SUCCESS\" > \"${SCRIPT_OUTPUT_FILE_0}\"\n";
			showEnvVarsInLog = 0;
		};
/* End PBXShellScriptBuildPhase section */

/* Begin PBXSourcesBuildPhase section */
		5843A59D29D5146A008D797D /* Sources */ = {
			isa = PBXSourcesBuildPhase;
			buildActionMask = 2147483647;
			files = (
				580F109A29E0C2B6008C401B /* ProfileController.swift in Sources */,
				580F109829E0C2A9008C401B /* SettingsController.swift in Sources */,
				581B1E1829FF1C41008160DA /* TimePickerTableViewCell.swift in Sources */,
				588FA31A29EF6FA40072A26D /* UserManager.swift in Sources */,
				581B1E2429FF63E8008160DA /* ViewLogController.swift in Sources */,
				580F10A629E249B8008C401B /* MoreInfoController.swift in Sources */,
				581B1E1D29FF1C65008160DA /* LocationTableViewCell.swift in Sources */,
				580F109F29E0E8A8008C401B /* Log.swift in Sources */,
				5843A5A929D5146A008D797D /* BaseViewController.swift in Sources */,
				5801F6732A00AF1500DFDD71 /* LoadingScreenController.swift in Sources */,
				581B1E2129FF1DD9008160DA /* HeaderTableViewCell.swift in Sources */,
				581B1E1029FF1B67008160DA /* FieldTableViewCell.swift in Sources */,
				5801F6682A00815F00DFDD71 /* WeatherView.swift in Sources */,
				580F109629E0C296008C401B /* HomePageController.swift in Sources */,
				5843A5A529D5146A008D797D /* AppDelegate.swift in Sources */,
				5838DECB29DFB4B300240011 /* LandingController.swift in Sources */,
				581B1E0029FA11F9008160DA /* NewLogControllerV2.swift in Sources */,
				580F109C29E0C4CB008C401B /* NewLogController.swift in Sources */,
				580F10A129E0E8B4008C401B /* LogManager.swift in Sources */,
				5843A5A729D5146A008D797D /* SceneDelegate.swift in Sources */,
				5801F66629FF73EB00DFDD71 /* LogView.swift in Sources */,
				580F10A329E23F6B008C401B /* User.swift in Sources */,
				581B1E1429FF1C0E008160DA /* TextViewTableViewCell.swift in Sources */,
			);
			runOnlyForDeploymentPostprocessing = 0;
		};
		5843A5B329D5146B008D797D /* Sources */ = {
			isa = PBXSourcesBuildPhase;
			buildActionMask = 2147483647;
			files = (
				5843A5BC29D5146B008D797D /* CrashAssistTests.swift in Sources */,
			);
			runOnlyForDeploymentPostprocessing = 0;
		};
		5843A5BD29D5146B008D797D /* Sources */ = {
			isa = PBXSourcesBuildPhase;
			buildActionMask = 2147483647;
			files = (
				5843A5C629D5146B008D797D /* CrashAssistUITests.swift in Sources */,
				5843A5C829D5146B008D797D /* CrashAssistUITestsLaunchTests.swift in Sources */,
			);
			runOnlyForDeploymentPostprocessing = 0;
		};
/* End PBXSourcesBuildPhase section */

/* Begin PBXTargetDependency section */
		5843A5B929D5146B008D797D /* PBXTargetDependency */ = {
			isa = PBXTargetDependency;
			target = 5843A5A029D5146A008D797D /* CrashAssist */;
			targetProxy = 5843A5B829D5146B008D797D /* PBXContainerItemProxy */;
		};
		5843A5C329D5146B008D797D /* PBXTargetDependency */ = {
			isa = PBXTargetDependency;
			target = 5843A5A029D5146A008D797D /* CrashAssist */;
			targetProxy = 5843A5C229D5146B008D797D /* PBXContainerItemProxy */;
		};
/* End PBXTargetDependency section */

/* Begin PBXVariantGroup section */
		5843A5AA29D5146A008D797D /* Main.storyboard */ = {
			isa = PBXVariantGroup;
			children = (
				5843A5AB29D5146A008D797D /* Base */,
			);
			name = Main.storyboard;
			sourceTree = "<group>";
		};
		5843A5AF29D5146B008D797D /* LaunchScreen.storyboard */ = {
			isa = PBXVariantGroup;
			children = (
				5843A5B029D5146B008D797D /* Base */,
			);
			name = LaunchScreen.storyboard;
			sourceTree = "<group>";
		};
/* End PBXVariantGroup section */

/* Begin XCBuildConfiguration section */
		5843A5C929D5146B008D797D /* Debug */ = {
			isa = XCBuildConfiguration;
			buildSettings = {
				ALWAYS_SEARCH_USER_PATHS = NO;
				CLANG_ANALYZER_NONNULL = YES;
				CLANG_ANALYZER_NUMBER_OBJECT_CONVERSION = YES_AGGRESSIVE;
				CLANG_CXX_LANGUAGE_STANDARD = "gnu++20";
				CLANG_ENABLE_MODULES = YES;
				CLANG_ENABLE_OBJC_ARC = YES;
				CLANG_ENABLE_OBJC_WEAK = YES;
				CLANG_WARN_BLOCK_CAPTURE_AUTORELEASING = YES;
				CLANG_WARN_BOOL_CONVERSION = YES;
				CLANG_WARN_COMMA = YES;
				CLANG_WARN_CONSTANT_CONVERSION = YES;
				CLANG_WARN_DEPRECATED_OBJC_IMPLEMENTATIONS = YES;
				CLANG_WARN_DIRECT_OBJC_ISA_USAGE = YES_ERROR;
				CLANG_WARN_DOCUMENTATION_COMMENTS = YES;
				CLANG_WARN_EMPTY_BODY = YES;
				CLANG_WARN_ENUM_CONVERSION = YES;
				CLANG_WARN_INFINITE_RECURSION = YES;
				CLANG_WARN_INT_CONVERSION = YES;
				CLANG_WARN_NON_LITERAL_NULL_CONVERSION = YES;
				CLANG_WARN_OBJC_IMPLICIT_RETAIN_SELF = YES;
				CLANG_WARN_OBJC_LITERAL_CONVERSION = YES;
				CLANG_WARN_OBJC_ROOT_CLASS = YES_ERROR;
				CLANG_WARN_QUOTED_INCLUDE_IN_FRAMEWORK_HEADER = YES;
				CLANG_WARN_RANGE_LOOP_ANALYSIS = YES;
				CLANG_WARN_STRICT_PROTOTYPES = YES;
				CLANG_WARN_SUSPICIOUS_MOVE = YES;
				CLANG_WARN_UNGUARDED_AVAILABILITY = YES_AGGRESSIVE;
				CLANG_WARN_UNREACHABLE_CODE = YES;
				CLANG_WARN__DUPLICATE_METHOD_MATCH = YES;
				COPY_PHASE_STRIP = NO;
				DEBUG_INFORMATION_FORMAT = dwarf;
				ENABLE_STRICT_OBJC_MSGSEND = YES;
				ENABLE_TESTABILITY = YES;
				GCC_C_LANGUAGE_STANDARD = gnu11;
				GCC_DYNAMIC_NO_PIC = NO;
				GCC_NO_COMMON_BLOCKS = YES;
				GCC_OPTIMIZATION_LEVEL = 0;
				GCC_PREPROCESSOR_DEFINITIONS = (
					"DEBUG=1",
					"$(inherited)",
				);
				GCC_WARN_64_TO_32_BIT_CONVERSION = YES;
				GCC_WARN_ABOUT_RETURN_TYPE = YES_ERROR;
				GCC_WARN_UNDECLARED_SELECTOR = YES;
				GCC_WARN_UNINITIALIZED_AUTOS = YES_AGGRESSIVE;
				GCC_WARN_UNUSED_FUNCTION = YES;
				GCC_WARN_UNUSED_VARIABLE = YES;
				IPHONEOS_DEPLOYMENT_TARGET = 16.2;
				MTL_ENABLE_DEBUG_INFO = INCLUDE_SOURCE;
				MTL_FAST_MATH = YES;
				ONLY_ACTIVE_ARCH = YES;
				SDKROOT = iphoneos;
				SWIFT_ACTIVE_COMPILATION_CONDITIONS = DEBUG;
				SWIFT_OPTIMIZATION_LEVEL = "-Onone";
			};
			name = Debug;
		};
		5843A5CA29D5146B008D797D /* Release */ = {
			isa = XCBuildConfiguration;
			buildSettings = {
				ALWAYS_SEARCH_USER_PATHS = NO;
				CLANG_ANALYZER_NONNULL = YES;
				CLANG_ANALYZER_NUMBER_OBJECT_CONVERSION = YES_AGGRESSIVE;
				CLANG_CXX_LANGUAGE_STANDARD = "gnu++20";
				CLANG_ENABLE_MODULES = YES;
				CLANG_ENABLE_OBJC_ARC = YES;
				CLANG_ENABLE_OBJC_WEAK = YES;
				CLANG_WARN_BLOCK_CAPTURE_AUTORELEASING = YES;
				CLANG_WARN_BOOL_CONVERSION = YES;
				CLANG_WARN_COMMA = YES;
				CLANG_WARN_CONSTANT_CONVERSION = YES;
				CLANG_WARN_DEPRECATED_OBJC_IMPLEMENTATIONS = YES;
				CLANG_WARN_DIRECT_OBJC_ISA_USAGE = YES_ERROR;
				CLANG_WARN_DOCUMENTATION_COMMENTS = YES;
				CLANG_WARN_EMPTY_BODY = YES;
				CLANG_WARN_ENUM_CONVERSION = YES;
				CLANG_WARN_INFINITE_RECURSION = YES;
				CLANG_WARN_INT_CONVERSION = YES;
				CLANG_WARN_NON_LITERAL_NULL_CONVERSION = YES;
				CLANG_WARN_OBJC_IMPLICIT_RETAIN_SELF = YES;
				CLANG_WARN_OBJC_LITERAL_CONVERSION = YES;
				CLANG_WARN_OBJC_ROOT_CLASS = YES_ERROR;
				CLANG_WARN_QUOTED_INCLUDE_IN_FRAMEWORK_HEADER = YES;
				CLANG_WARN_RANGE_LOOP_ANALYSIS = YES;
				CLANG_WARN_STRICT_PROTOTYPES = YES;
				CLANG_WARN_SUSPICIOUS_MOVE = YES;
				CLANG_WARN_UNGUARDED_AVAILABILITY = YES_AGGRESSIVE;
				CLANG_WARN_UNREACHABLE_CODE = YES;
				CLANG_WARN__DUPLICATE_METHOD_MATCH = YES;
				COPY_PHASE_STRIP = NO;
				DEBUG_INFORMATION_FORMAT = "dwarf-with-dsym";
				ENABLE_NS_ASSERTIONS = NO;
				ENABLE_STRICT_OBJC_MSGSEND = YES;
				GCC_C_LANGUAGE_STANDARD = gnu11;
				GCC_NO_COMMON_BLOCKS = YES;
				GCC_WARN_64_TO_32_BIT_CONVERSION = YES;
				GCC_WARN_ABOUT_RETURN_TYPE = YES_ERROR;
				GCC_WARN_UNDECLARED_SELECTOR = YES;
				GCC_WARN_UNINITIALIZED_AUTOS = YES_AGGRESSIVE;
				GCC_WARN_UNUSED_FUNCTION = YES;
				GCC_WARN_UNUSED_VARIABLE = YES;
				IPHONEOS_DEPLOYMENT_TARGET = 16.2;
				MTL_ENABLE_DEBUG_INFO = NO;
				MTL_FAST_MATH = YES;
				SDKROOT = iphoneos;
				SWIFT_COMPILATION_MODE = wholemodule;
				SWIFT_OPTIMIZATION_LEVEL = "-O";
				VALIDATE_PRODUCT = YES;
			};
			name = Release;
		};
		5843A5CC29D5146B008D797D /* Debug */ = {
			isa = XCBuildConfiguration;
			baseConfigurationReference = B0E4AFB43C18C51693C70FAC /* Pods-CrashAssist.debug.xcconfig */;
			buildSettings = {
				ASSETCATALOG_COMPILER_APPICON_NAME = AppIcon;
				ASSETCATALOG_COMPILER_GLOBAL_ACCENT_COLOR_NAME = AccentColor;
				CODE_SIGN_ENTITLEMENTS = CrashAssist/CrashAssist.entitlements;
				CODE_SIGN_STYLE = Automatic;
				CURRENT_PROJECT_VERSION = 1;
				DEVELOPMENT_TEAM = RF37X3S82D;
				"EXCLUDED_ARCHS[sdk=iphonesimulator*]" = arm64;
				GENERATE_INFOPLIST_FILE = YES;
				INFOPLIST_FILE = "CrashAssist/Supporting Files/Info.plist";
				INFOPLIST_KEY_CFBundleDisplayName = "Crash Assist";
				INFOPLIST_KEY_UIApplicationSupportsIndirectInputEvents = YES;
				INFOPLIST_KEY_UILaunchStoryboardName = LaunchScreen.storyboard;
				INFOPLIST_KEY_UIMainStoryboardFile = Main;
				INFOPLIST_KEY_UISupportedInterfaceOrientations = UIInterfaceOrientationPortrait;
				LD_RUNPATH_SEARCH_PATHS = (
					"$(inherited)",
					"@executable_path/Frameworks",
				);
				MARKETING_VERSION = 1.0;
				PRODUCT_BUNDLE_IDENTIFIER = nsadeghi.itp342.CrashAssist;
				PRODUCT_NAME = "$(TARGET_NAME)";
				SWIFT_EMIT_LOC_STRINGS = YES;
				SWIFT_VERSION = 5.0;
				TARGETED_DEVICE_FAMILY = "1,2";
			};
			name = Debug;
		};
		5843A5CD29D5146B008D797D /* Release */ = {
			isa = XCBuildConfiguration;
			baseConfigurationReference = 501F922DCB48300CB79148CE /* Pods-CrashAssist.release.xcconfig */;
			buildSettings = {
				ASSETCATALOG_COMPILER_APPICON_NAME = AppIcon;
				ASSETCATALOG_COMPILER_GLOBAL_ACCENT_COLOR_NAME = AccentColor;
				CODE_SIGN_ENTITLEMENTS = CrashAssist/CrashAssist.entitlements;
				CODE_SIGN_STYLE = Automatic;
				CURRENT_PROJECT_VERSION = 1;
				DEVELOPMENT_TEAM = RF37X3S82D;
				"EXCLUDED_ARCHS[sdk=iphonesimulator*]" = arm64;
				GENERATE_INFOPLIST_FILE = YES;
				INFOPLIST_FILE = "CrashAssist/Supporting Files/Info.plist";
				INFOPLIST_KEY_CFBundleDisplayName = "Crash Assist";
				INFOPLIST_KEY_UIApplicationSupportsIndirectInputEvents = YES;
				INFOPLIST_KEY_UILaunchStoryboardName = LaunchScreen.storyboard;
				INFOPLIST_KEY_UIMainStoryboardFile = Main;
				INFOPLIST_KEY_UISupportedInterfaceOrientations = UIInterfaceOrientationPortrait;
				LD_RUNPATH_SEARCH_PATHS = (
					"$(inherited)",
					"@executable_path/Frameworks",
				);
				MARKETING_VERSION = 1.0;
				PRODUCT_BUNDLE_IDENTIFIER = nsadeghi.itp342.CrashAssist;
				PRODUCT_NAME = "$(TARGET_NAME)";
				SWIFT_EMIT_LOC_STRINGS = YES;
				SWIFT_VERSION = 5.0;
				TARGETED_DEVICE_FAMILY = "1,2";
			};
			name = Release;
		};
		5843A5CF29D5146B008D797D /* Debug */ = {
			isa = XCBuildConfiguration;
			baseConfigurationReference = 4D2E84AA35701DF92820091D /* Pods-CrashAssistTests.debug.xcconfig */;
			buildSettings = {
				ALWAYS_EMBED_SWIFT_STANDARD_LIBRARIES = YES;
				BUNDLE_LOADER = "$(TEST_HOST)";
				CODE_SIGN_STYLE = Automatic;
				CURRENT_PROJECT_VERSION = 1;
				DEVELOPMENT_TEAM = RF37X3S82D;
				GENERATE_INFOPLIST_FILE = YES;
				IPHONEOS_DEPLOYMENT_TARGET = 16.2;
				MARKETING_VERSION = 1.0;
				PRODUCT_BUNDLE_IDENTIFIER = nsadeghi.itp342.CrashAssistTests;
				PRODUCT_NAME = "$(TARGET_NAME)";
				SWIFT_EMIT_LOC_STRINGS = NO;
				SWIFT_VERSION = 5.0;
				TARGETED_DEVICE_FAMILY = "1,2";
				TEST_HOST = "$(BUILT_PRODUCTS_DIR)/CrashAssist.app/$(BUNDLE_EXECUTABLE_FOLDER_PATH)/CrashAssist";
			};
			name = Debug;
		};
		5843A5D029D5146B008D797D /* Release */ = {
			isa = XCBuildConfiguration;
			baseConfigurationReference = B0CDF93BE7C96FABB4982E51 /* Pods-CrashAssistTests.release.xcconfig */;
			buildSettings = {
				ALWAYS_EMBED_SWIFT_STANDARD_LIBRARIES = YES;
				BUNDLE_LOADER = "$(TEST_HOST)";
				CODE_SIGN_STYLE = Automatic;
				CURRENT_PROJECT_VERSION = 1;
				DEVELOPMENT_TEAM = RF37X3S82D;
				GENERATE_INFOPLIST_FILE = YES;
				IPHONEOS_DEPLOYMENT_TARGET = 16.2;
				MARKETING_VERSION = 1.0;
				PRODUCT_BUNDLE_IDENTIFIER = nsadeghi.itp342.CrashAssistTests;
				PRODUCT_NAME = "$(TARGET_NAME)";
				SWIFT_EMIT_LOC_STRINGS = NO;
				SWIFT_VERSION = 5.0;
				TARGETED_DEVICE_FAMILY = "1,2";
				TEST_HOST = "$(BUILT_PRODUCTS_DIR)/CrashAssist.app/$(BUNDLE_EXECUTABLE_FOLDER_PATH)/CrashAssist";
			};
			name = Release;
		};
		5843A5D229D5146B008D797D /* Debug */ = {
			isa = XCBuildConfiguration;
			baseConfigurationReference = E1EE2746ED3A3B021DF6060D /* Pods-CrashAssist-CrashAssistUITests.debug.xcconfig */;
			buildSettings = {
				ALWAYS_EMBED_SWIFT_STANDARD_LIBRARIES = YES;
				CODE_SIGN_STYLE = Automatic;
				CURRENT_PROJECT_VERSION = 1;
				DEVELOPMENT_TEAM = RF37X3S82D;
				GENERATE_INFOPLIST_FILE = YES;
				MARKETING_VERSION = 1.0;
				PRODUCT_BUNDLE_IDENTIFIER = nsadeghi.itp342.CrashAssistUITests;
				PRODUCT_NAME = "$(TARGET_NAME)";
				SWIFT_EMIT_LOC_STRINGS = NO;
				SWIFT_VERSION = 5.0;
				TARGETED_DEVICE_FAMILY = "1,2";
				TEST_TARGET_NAME = CrashAssist;
			};
			name = Debug;
		};
		5843A5D329D5146B008D797D /* Release */ = {
			isa = XCBuildConfiguration;
			baseConfigurationReference = 831C6E041A97909AB95B660A /* Pods-CrashAssist-CrashAssistUITests.release.xcconfig */;
			buildSettings = {
				ALWAYS_EMBED_SWIFT_STANDARD_LIBRARIES = YES;
				CODE_SIGN_STYLE = Automatic;
				CURRENT_PROJECT_VERSION = 1;
				DEVELOPMENT_TEAM = RF37X3S82D;
				GENERATE_INFOPLIST_FILE = YES;
				MARKETING_VERSION = 1.0;
				PRODUCT_BUNDLE_IDENTIFIER = nsadeghi.itp342.CrashAssistUITests;
				PRODUCT_NAME = "$(TARGET_NAME)";
				SWIFT_EMIT_LOC_STRINGS = NO;
				SWIFT_VERSION = 5.0;
				TARGETED_DEVICE_FAMILY = "1,2";
				TEST_TARGET_NAME = CrashAssist;
			};
			name = Release;
		};
/* End XCBuildConfiguration section */

/* Begin XCConfigurationList section */
		5843A59C29D5146A008D797D /* Build configuration list for PBXProject "CrashAssist" */ = {
			isa = XCConfigurationList;
			buildConfigurations = (
				5843A5C929D5146B008D797D /* Debug */,
				5843A5CA29D5146B008D797D /* Release */,
			);
			defaultConfigurationIsVisible = 0;
			defaultConfigurationName = Release;
		};
		5843A5CB29D5146B008D797D /* Build configuration list for PBXNativeTarget "CrashAssist" */ = {
			isa = XCConfigurationList;
			buildConfigurations = (
				5843A5CC29D5146B008D797D /* Debug */,
				5843A5CD29D5146B008D797D /* Release */,
			);
			defaultConfigurationIsVisible = 0;
			defaultConfigurationName = Release;
		};
		5843A5CE29D5146B008D797D /* Build configuration list for PBXNativeTarget "CrashAssistTests" */ = {
			isa = XCConfigurationList;
			buildConfigurations = (
				5843A5CF29D5146B008D797D /* Debug */,
				5843A5D029D5146B008D797D /* Release */,
			);
			defaultConfigurationIsVisible = 0;
			defaultConfigurationName = Release;
		};
		5843A5D129D5146B008D797D /* Build configuration list for PBXNativeTarget "CrashAssistUITests" */ = {
			isa = XCConfigurationList;
			buildConfigurations = (
				5843A5D229D5146B008D797D /* Debug */,
				5843A5D329D5146B008D797D /* Release */,
			);
			defaultConfigurationIsVisible = 0;
			defaultConfigurationName = Release;
		};
/* End XCConfigurationList section */
	};
	rootObject = 5843A59929D5146A008D797D /* Project object */;
}
